
Microsoft Visual Studio Solution File, Format Version 12.00
# Visual Studio Version 16
VisualStudioVersion = 16.0.32228.343
MinimumVisualStudioVersion = 10.0.40219.1
Project("{FAE04EC0-301F-11D3-BF4B-00C04F79EFBC}") = "CoreMyBlog", "CoreMyBlog\CoreMyBlog.csproj", "{A23FFC5B-1551-48CF-8079-F59B2C6A4C14}"
EndProject
Project("{FAE04EC0-301F-11D3-BF4B-00C04F79EFBC}") = "EntityLayer", "EntityLayer\EntityLayer.csproj", "{7B3DAFF8-9A39-4636-9A0B-30229741E8B6}"
EndProject
Project("{FAE04EC0-301F-11D3-BF4B-00C04F79EFBC}") = "DataAccessLayer", "DataAccessLayer\DataAccessLayer.csproj", "{232751D9-EBE6-4AB6-A241-C7C46AB0E98B}"
EndProject
Project("{FAE04EC0-301F-11D3-BF4B-00C04F79EFBC}") = "BusinessLayer", "BusinessLayer\BusinessLayer.csproj", "{3639FAE3-A501-43CF-93D4-2E55093F2728}"
EndProject
Project("{FAE04EC0-301F-11D3-BF4B-00C04F79EFBC}") = "CoreLayer", "CoreLayer\CoreLayer.csproj", "{D9A36C95-ED03-4357-9096-8D3C41D3FA04}"
EndProject
Global
	GlobalSection(SolutionConfigurationPlatforms) = preSolution
		Debug|Any CPU = Debug|Any CPU
		Release|Any CPU = Release|Any CPU
	EndGlobalSection
	GlobalSection(ProjectConfigurationPlatforms) = postSolution
		{A23FFC5B-1551-48CF-8079-F59B2C6A4C14}.Debug|Any CPU.ActiveCfg = Debug|Any CPU
		{A23FFC5B-1551-48CF-8079-F59B2C6A4C14}.Debug|Any CPU.Build.0 = Debug|Any CPU
		{A23FFC5B-1551-48CF-8079-F59B2C6A4C14}.Release|Any CPU.ActiveCfg = Release|Any CPU
		{A23FFC5B-1551-48CF-8079-F59B2C6A4C14}.Release|Any CPU.Build.0 = Release|Any CPU
		{7B3DAFF8-9A39-4636-9A0B-30229741E8B6}.Debug|Any CPU.ActiveCfg = Debug|Any CPU
		{7B3DAFF8-9A39-4636-9A0B-30229741E8B6}.Debug|Any CPU.Build.0 = Debug|Any CPU
		{7B3DAFF8-9A39-4636-9A0B-30229741E8B6}.Release|Any CPU.ActiveCfg = Release|Any CPU
		{7B3DAFF8-9A39-4636-9A0B-30229741E8B6}.Release|Any CPU.Build.0 = Release|Any CPU
		{232751D9-EBE6-4AB6-A241-C7C46AB0E98B}.Debug|Any CPU.ActiveCfg = Debug|Any CPU
		{232751D9-EBE6-4AB6-A241-C7C46AB0E98B}.Debug|Any CPU.Build.0 = Debug|Any CPU
		{232751D9-EBE6-4AB6-A241-C7C46AB0E98B}.Release|Any CPU.ActiveCfg = Release|Any CPU
		{232751D9-EBE6-4AB6-A241-C7C46AB0E98B}.Release|Any CPU.Build.0 = Release|Any CPU
		{3639FAE3-A501-43CF-93D4-2E55093F2728}.Debug|Any CPU.ActiveCfg = Debug|Any CPU
		{3639FAE3-A501-43CF-93D4-2E55093F2728}.Debug|Any CPU.Build.0 = Debug|Any CPU
		{3639FAE3-A501-43CF-93D4-2E55093F2728}.Release|Any CPU.ActiveCfg = Release|Any CPU
		{3639FAE3-A501-43CF-93D4-2E55093F2728}.Release|Any CPU.Build.0 = Release|Any CPU
		{D9A36C95-ED03-4357-9096-8D3C41D3FA04}.Debug|Any CPU.ActiveCfg = Debug|Any CPU
		{D9A36C95-ED03-4357-9096-8D3C41D3FA04}.Debug|Any CPU.Build.0 = Debug|Any CPU
		{D9A36C95-ED03-4357-9096-8D3C41D3FA04}.Release|Any CPU.ActiveCfg = Release|Any CPU
		{D9A36C95-ED03-4357-9096-8D3C41D3FA04}.Release|Any CPU.Build.0 = Release|Any CPU
	EndGlobalSection
	GlobalSection(SolutionProperties) = preSolution
		HideSolutionNode = FALSE
	EndGlobalSection
	GlobalSection(ExtensibilityGlobals) = postSolution
		SolutionGuid = {3DE02FF0-842C-4EE0-AEA4-83AE8412AF58}
	EndGlobalSection
EndGlobal
